
Microsoft Visual Studio Solution File, Format Version 12.00
# Visual Studio 15
VisualStudioVersion = 15.0.27428.2043
MinimumVisualStudioVersion = 10.0.40219.1
Project("{FAE04EC0-301F-11D3-BF4B-00C04F79EFBC}") = "SportsWebApp", "SportsWebApp\SportsWebApp.csproj", "{61C980E5-11E1-4AEF-88A9-0F14DC30B5D6}"
EndProject
Global
	GlobalSection(SolutionConfigurationPlatforms) = preSolution
		Debug|Any CPU = Debug|Any CPU
		Release|Any CPU = Release|Any CPU
	EndGlobalSection
	GlobalSection(ProjectConfigurationPlatforms) = postSolution
		{61C980E5-11E1-4AEF-88A9-0F14DC30B5D6}.Debug|Any CPU.ActiveCfg = Debug|Any CPU
		{61C980E5-11E1-4AEF-88A9-0F14DC30B5D6}.Debug|Any CPU.Build.0 = Debug|Any CPU
		{61C980E5-11E1-4AEF-88A9-0F14DC30B5D6}.Release|Any CPU.ActiveCfg = Release|Any CPU
		{61C980E5-11E1-4AEF-88A9-0F14DC30B5D6}.Release|Any CPU.Build.0 = Release|Any CPU
	EndGlobalSection
	GlobalSection(SolutionProperties) = preSolution
		HideSolutionNode = FALSE
	EndGlobalSection
	GlobalSection(ExtensibilityGlobals) = postSolution
		SolutionGuid = {9CDB68DE-5CC1-4521-A570-436CFD49C447}
	EndGlobalSection
EndGlobal
